github.com/BurntSushi/toml v1.3.2 h1:o7IhLm0Msx3BaB+n3Ag7L8EVlByGnpq14C4YWiu/gL8=
github.com/BurntSushi/toml v1.3.2/go.mod h1:CxXYINrC8qIiEnFrOxCa7Jy5BFHlXnUU2pbicEuybxQ=
github.com/bytedance/gopkg v0.0.0-20221122125632-68358b8ecec6 h1:FCLDGi1EmB7JzjVVYNZiqc/zAJj2BQ5M0lfkVOxbfs8=
github.com/bytedance/gopkg v0.0.0-20221122125632-68358b8ecec6/go.mod h1:5FoAH5xUHHCMDvQPy1rnj8moqLkLHFaDVBjHhcFwEi0=
github.com/davecgh/go-spew v1.1.0/go.mod h1:J7Y8YcW2NihsgmVo/mv3lAwl/skON4iLHjSsI+c5H38=
github.com/khicago/got v0.0.0-20230107064458-cbde7bbdb6c1 h1:1rRHzZzA+nI4oHOrNWwvGDYxK8lBdRT7Y/0NbLRUJUQ=
github.com/khicago/got v0.0.0-20230107064458-cbde7bbdb6c1/go.mod h1:23rzkvU/VYF9PPBT9hMXdz1FUlI7gAPsv3xG9krp2o0=
github.com/pmezard/go-difflib v1.0.0/go.mod h1:iKH77koFhYxTK1pcRnkKkqfTogsbg7gZNVY4sRDYZ/4=
github.com/stretchr/objx v0.1.0/go.mod h1:HFkY916IF+rwdDfMAkV7OtwuqBVzrE8GR6GFx+wExME=
github.com/stretchr/testify v1.7.0/go.mod h1:6Fq8oRcR53rry900zMqJjRRixrwX3KX962/h/Wwjteg=
golang.org/x/exp v0.0.0-20221212164502-fae10dda9338 h1:OvjRkcNHnf6/W5FZXSxODbxwD+X7fspczG7Jn/xQVD4=
golang.org/x/exp v0.0.0-20221212164502-fae10dda9338/go.mod h1:CxIveKay+FTh1D0yPZemJVgC/95VzuuOLq5Qi4xnoYc=
golang.org/x/sync v0.0.0-20210220032951-036812b2e83c/go.mod h1:RxMgew5VJxzue5/jJTE5uejpjVlOe/izrB70Jof72aM=
golang.org/x/sys v0.0.0-20221010170243-090e33056c14/go.mod h1:oPkhp1MJrh7nUepCBck5+mAzfO9JrbApNNgaTdGDITg=
gopkg.in/check.v1 v0.0.0-20161208181325-20d25e280405/go.mod h1:Co6ibVJAznAaIkqp8huTwlJQCZ016jof/cbN4VW5Yz0=
gopkg.in/yaml.v3 v3.0.0-20200313102051-9f266ea9e77c/go.mod h1:K4uyk7z7BCEPqu6E+C64Yfv1cQ7kz7rIZviUmN+EgEM=
